
Microsoft Visual Studio Solution File, Format Version 12.00
# Visual Studio Version 18
VisualStudioVersion = 18.3.11520.95 d18.3
MinimumVisualStudioVersion = 10.0.40219.1
Project("{FAE04EC0-301F-11D3-BF4B-00C04F79EFBC}") = "MauiTestApp", "MauiTestApp.csproj", "{91CC4BB2-A1BB-D76A-BE50-8B389ED9666D}"
EndProject
Global
	GlobalSection(SolutionConfigurationPlatforms) = preSolution
		Debug|Any CPU = Debug|Any CPU
		Release|Any CPU = Release|Any CPU
	EndGlobalSection
	GlobalSection(ProjectConfigurationPlatforms) = postSolution
		{91CC4BB2-A1BB-D76A-BE50-8B389ED9666D}.Debug|Any CPU.ActiveCfg = Debug|Any CPU
		{91CC4BB2-A1BB-D76A-BE50-8B389ED9666D}.Debug|Any CPU.Build.0 = Debug|Any CPU
		{91CC4BB2-A1BB-D76A-BE50-8B389ED9666D}.Debug|Any CPU.Deploy.0 = Debug|Any CPU
		{91CC4BB2-A1BB-D76A-BE50-8B389ED9666D}.Release|Any CPU.ActiveCfg = Release|Any CPU
		{91CC4BB2-A1BB-D76A-BE50-8B389ED9666D}.Release|Any CPU.Build.0 = Release|Any CPU
	EndGlobalSection
	GlobalSection(SolutionProperties) = preSolution
		HideSolutionNode = FALSE
	EndGlobalSection
	GlobalSection(ExtensibilityGlobals) = postSolution
		SolutionGuid = {F9F80807-2AE0-4BB0-BAE4-52B6457F48AF}
	EndGlobalSection
EndGlobal
